
Microsoft Visual Studio Solution File, Format Version 12.00
# Visual Studio Version 17
VisualStudioVersion = 17.1.32210.238
MinimumVisualStudioVersion = 10.0.40219.1
Project("{9A19103F-16F7-4668-BE54-9A1E7A4F7556}") = "AppProducto.Dominio", "AppVenta.Dominio\AppProducto.Dominio.csproj", "{C4795BF6-3747-4541-A854-A5C96E32D671}"
EndProject
Project("{9A19103F-16F7-4668-BE54-9A1E7A4F7556}") = "AppProducto.Aplicaciones", "AppVenta.Aplicaciones\AppProducto.Aplicaciones.csproj", "{48B1D658-6A52-4B67-AC08-40D083A300F5}"
EndProject
Project("{9A19103F-16F7-4668-BE54-9A1E7A4F7556}") = "AppProducto.Infraestructura.Datos", "AppVenta.Infraestructura.Datos\AppProducto.Infraestructura.Datos.csproj", "{DE967FB3-E39F-4177-AE18-AFB454665D83}"
EndProject
Project("{9A19103F-16F7-4668-BE54-9A1E7A4F7556}") = "AppProducto.Infraestructura.API", "AppVenta.Infraestructura.API\AppProducto.Infraestructura.API.csproj", "{4960B45B-0682-4472-8DBC-3FAAC7C504FA}"
EndProject
Project("{FAE04EC0-301F-11D3-BF4B-00C04F79EFBC}") = "AppProducto.Infraestructura.DTO", "AppProducto.Infraestructura.DTO\AppProducto.Infraestructura.DTO.csproj", "{657470D0-B4D1-41F1-A9C1-B51E22EC0409}"
EndProject
Global
	GlobalSection(SolutionConfigurationPlatforms) = preSolution
		Debug|Any CPU = Debug|Any CPU
		Release|Any CPU = Release|Any CPU
	EndGlobalSection
	GlobalSection(ProjectConfigurationPlatforms) = postSolution
		{C4795BF6-3747-4541-A854-A5C96E32D671}.Debug|Any CPU.ActiveCfg = Debug|Any CPU
		{C4795BF6-3747-4541-A854-A5C96E32D671}.Debug|Any CPU.Build.0 = Debug|Any CPU
		{C4795BF6-3747-4541-A854-A5C96E32D671}.Release|Any CPU.ActiveCfg = Release|Any CPU
		{C4795BF6-3747-4541-A854-A5C96E32D671}.Release|Any CPU.Build.0 = Release|Any CPU
		{48B1D658-6A52-4B67-AC08-40D083A300F5}.Debug|Any CPU.ActiveCfg = Debug|Any CPU
		{48B1D658-6A52-4B67-AC08-40D083A300F5}.Debug|Any CPU.Build.0 = Debug|Any CPU
		{48B1D658-6A52-4B67-AC08-40D083A300F5}.Release|Any CPU.ActiveCfg = Release|Any CPU
		{48B1D658-6A52-4B67-AC08-40D083A300F5}.Release|Any CPU.Build.0 = Release|Any CPU
		{DE967FB3-E39F-4177-AE18-AFB454665D83}.Debug|Any CPU.ActiveCfg = Debug|Any CPU
		{DE967FB3-E39F-4177-AE18-AFB454665D83}.Debug|Any CPU.Build.0 = Debug|Any CPU
		{DE967FB3-E39F-4177-AE18-AFB454665D83}.Release|Any CPU.ActiveCfg = Release|Any CPU
		{DE967FB3-E39F-4177-AE18-AFB454665D83}.Release|Any CPU.Build.0 = Release|Any CPU
		{4960B45B-0682-4472-8DBC-3FAAC7C504FA}.Debug|Any CPU.ActiveCfg = Debug|Any CPU
		{4960B45B-0682-4472-8DBC-3FAAC7C504FA}.Debug|Any CPU.Build.0 = Debug|Any CPU
		{4960B45B-0682-4472-8DBC-3FAAC7C504FA}.Release|Any CPU.ActiveCfg = Release|Any CPU
		{4960B45B-0682-4472-8DBC-3FAAC7C504FA}.Release|Any CPU.Build.0 = Release|Any CPU
		{657470D0-B4D1-41F1-A9C1-B51E22EC0409}.Debug|Any CPU.ActiveCfg = Debug|Any CPU
		{657470D0-B4D1-41F1-A9C1-B51E22EC0409}.Debug|Any CPU.Build.0 = Debug|Any CPU
		{657470D0-B4D1-41F1-A9C1-B51E22EC0409}.Release|Any CPU.ActiveCfg = Release|Any CPU
		{657470D0-B4D1-41F1-A9C1-B51E22EC0409}.Release|Any CPU.Build.0 = Release|Any CPU
	EndGlobalSection
	GlobalSection(SolutionProperties) = preSolution
		HideSolutionNode = FALSE
	EndGlobalSection
	GlobalSection(ExtensibilityGlobals) = postSolution
		SolutionGuid = {78CD437D-F54C-4944-A5F2-5879504E9E8A}
	EndGlobalSection
EndGlobal
